
Microsoft Visual Studio Solution File, Format Version 12.00
# Visual Studio Version 17
VisualStudioVersion = 17.10.35013.160
MinimumVisualStudioVersion = 10.0.40219.1
Project("{FAE04EC0-301F-11D3-BF4B-00C04F79EFBC}") = "TestORM", "TestORM\TestORM.csproj", "{D14EE41F-E690-4B94-A67B-27B5BB1A50D1}"
EndProject
Global
	GlobalSection(SolutionConfigurationPlatforms) = preSolution
		Debug|Any CPU = Debug|Any CPU
		Release|Any CPU = Release|Any CPU
	EndGlobalSection
	GlobalSection(ProjectConfigurationPlatforms) = postSolution
		{D14EE41F-E690-4B94-A67B-27B5BB1A50D1}.Debug|Any CPU.ActiveCfg = Debug|Any CPU
		{D14EE41F-E690-4B94-A67B-27B5BB1A50D1}.Debug|Any CPU.Build.0 = Debug|Any CPU
		{D14EE41F-E690-4B94-A67B-27B5BB1A50D1}.Release|Any CPU.ActiveCfg = Release|Any CPU
		{D14EE41F-E690-4B94-A67B-27B5BB1A50D1}.Release|Any CPU.Build.0 = Release|Any CPU
	EndGlobalSection
	GlobalSection(SolutionProperties) = preSolution
		HideSolutionNode = FALSE
	EndGlobalSection
	GlobalSection(ExtensibilityGlobals) = postSolution
		SolutionGuid = {00B7C3B6-5518-4777-AF08-B48EFF4324EF}
	EndGlobalSection
EndGlobal
